// !$*UTF8*$!
{
	archiveVersion = 1;
	classes = {
	};
	objectVersion = 50;
	objects = {

/* Begin PBXBuildFile section */
		EE80B5362444537D00B2D45B /* AppDelegate.swift in Sources */ = {isa = PBXBuildFile; fileRef = EE80B5352444537D00B2D45B /* AppDelegate.swift */; };
		EE80B5382444537D00B2D45B /* SceneDelegate.swift in Sources */ = {isa = PBXBuildFile; fileRef = EE80B5372444537D00B2D45B /* SceneDelegate.swift */; };
		EE80B53A2444537D00B2D45B /* ViewController.swift in Sources */ = {isa = PBXBuildFile; fileRef = EE80B5392444537D00B2D45B /* ViewController.swift */; };
		EE80B53D2444537D00B2D45B /* Main.storyboard in Resources */ = {isa = PBXBuildFile; fileRef = EE80B53B2444537D00B2D45B /* Main.storyboard */; };
		EE80B53F2444538400B2D45B /* Assets.xcassets in Resources */ = {isa = PBXBuildFile; fileRef = EE80B53E2444538400B2D45B /* Assets.xcassets */; };
		EE80B5422444538400B2D45B /* LaunchScreen.storyboard in Resources */ = {isa = PBXBuildFile; fileRef = EE80B5402444538400B2D45B /* LaunchScreen.storyboard */; };
		EE80B54C244453C500B2D45B /* Localizable.strings in Resources */ = {isa = PBXBuildFile; fileRef = EE80B54E244453C500B2D45B /* Localizable.strings */; };
		EE80B5532444545E00B2D45B /* Subscription.strings in Resources */ = {isa = PBXBuildFile; fileRef = EE80B5552444545E00B2D45B /* Subscription.strings */; };
/* End PBXBuildFile section */

/* Begin PBXFileReference section */
		EE80B5322444537D00B2D45B /* Demo.app */ = {isa = PBXFileReference; explicitFileType = wrapper.application; includeInIndex = 0; path = Demo.app; sourceTree = BUILT_PRODUCTS_DIR; };
		EE80B5352444537D00B2D45B /* AppDelegate.swift */ = {isa = PBXFileReference; lastKnownFileType = sourcecode.swift; path = AppDelegate.swift; sourceTree = "<group>"; };
		EE80B5372444537D00B2D45B /* SceneDelegate.swift */ = {isa = PBXFileReference; lastKnownFileType = sourcecode.swift; path = SceneDelegate.swift; sourceTree = "<group>"; };
		EE80B5392444537D00B2D45B /* ViewController.swift */ = {isa = PBXFileReference; lastKnownFileType = sourcecode.swift; path = ViewController.swift; sourceTree = "<group>"; };
		EE80B53C2444537D00B2D45B /* Base */ = {isa = PBXFileReference; lastKnownFileType = file.storyboard; name = Base; path = Base.lproj/Main.storyboard; sourceTree = "<group>"; };
		EE80B53E2444538400B2D45B /* Assets.xcassets */ = {isa = PBXFileReference; lastKnownFileType = folder.assetcatalog; path = Assets.xcassets; sourceTree = "<group>"; };
		EE80B5412444538400B2D45B /* Base */ = {isa = PBXFileReference; lastKnownFileType = file.storyboard; name = Base; path = Base.lproj/LaunchScreen.storyboard; sourceTree = "<group>"; };
		EE80B5432444538400B2D45B /* Info.plist */ = {isa = PBXFileReference; lastKnownFileType = text.plist.xml; path = Info.plist; sourceTree = "<group>"; };
		EE80B54D244453C500B2D45B /* en */ = {isa = PBXFileReference; lastKnownFileType = text.plist.strings; name = en; path = en.lproj/Localizable.strings; sourceTree = "<group>"; };
		EE80B54F244453D700B2D45B /* ja */ = {isa = PBXFileReference; lastKnownFileType = text.plist.strings; name = ja; path = ja.lproj/Localizable.strings; sourceTree = "<group>"; };
		EE80B550244453E100B2D45B /* zh-Hans */ = {isa = PBXFileReference; lastKnownFileType = text.plist.strings; name = "zh-Hans"; path = "zh-Hans.lproj/Localizable.strings"; sourceTree = "<group>"; };
		EE80B5542444545E00B2D45B /* en */ = {isa = PBXFileReference; lastKnownFileType = text.plist.strings; name = en; path = en.lproj/Subscription.strings; sourceTree = "<group>"; };
		EE80B5562444546500B2D45B /* zh-Hans */ = {isa = PBXFileReference; lastKnownFileType = text.plist.strings; name = "zh-Hans"; path = "zh-Hans.lproj/Subscription.strings"; sourceTree = "<group>"; };
		EE80B5572444546900B2D45B /* ja */ = {isa = PBXFileReference; lastKnownFileType = text.plist.strings; name = ja; path = ja.lproj/Subscription.strings; sourceTree = "<group>"; };
/* End PBXFileReference section */

/* Begin PBXFrameworksBuildPhase section */
		EE80B52F2444537D00B2D45B /* Frameworks */ = {
			isa = PBXFrameworksBuildPhase;
			buildActionMask = 2147483647;
			files = (
			);
			runOnlyForDeploymentPostprocessing = 0;
		};
/* End PBXFrameworksBuildPhase section */

/* Begin PBXGroup section */
		EE80B5292444537D00B2D45B = {
			isa = PBXGroup;
			children = (
				EE80B5342444537D00B2D45B /* Demo */,
				EE80B5332444537D00B2D45B /* Products */,
			);
			sourceTree = "<group>";
		};
		EE80B5332444537D00B2D45B /* Products */ = {
			isa = PBXGroup;
			children = (
				EE80B5322444537D00B2D45B /* Demo.app */,
			);
			name = Products;
			sourceTree = "<group>";
		};
		EE80B5342444537D00B2D45B /* Demo */ = {
			isa = PBXGroup;
			children = (
				EE80B549244453A800B2D45B /* Localization */,
				EE80B5352444537D00B2D45B /* AppDelegate.swift */,
				EE80B5372444537D00B2D45B /* SceneDelegate.swift */,
				EE80B5392444537D00B2D45B /* ViewController.swift */,
				EE80B53B2444537D00B2D45B /* Main.storyboard */,
				EE80B53E2444538400B2D45B /* Assets.xcassets */,
				EE80B5402444538400B2D45B /* LaunchScreen.storyboard */,
				EE80B5432444538400B2D45B /* Info.plist */,
			);
			path = Demo;
			sourceTree = "<group>";
		};
		EE80B549244453A800B2D45B /* Localization */ = {
			isa = PBXGroup;
			children = (
				EE80B54E244453C500B2D45B /* Localizable.strings */,
				EE80B5552444545E00B2D45B /* Subscription.strings */,
			);
			path = Localization;
			sourceTree = "<group>";
		};
/* End PBXGroup section */

/* Begin PBXNativeTarget section */
		EE80B5312444537D00B2D45B /* Demo */ = {
			isa = PBXNativeTarget;
			buildConfigurationList = EE80B5462444538400B2D45B /* Build configuration list for PBXNativeTarget "Demo" */;
			buildPhases = (
				EE80B52E2444537D00B2D45B /* Sources */,
				EE80B52F2444537D00B2D45B /* Frameworks */,
				EE80B5302444537D00B2D45B /* Resources */,
			);
			buildRules = (
			);
			dependencies = (
			);
			name = Demo;
			productName = Demo;
			productReference = EE80B5322444537D00B2D45B /* Demo.app */;
			productType = "com.apple.product-type.application";
		};
/* End PBXNativeTarget section */

/* Begin PBXProject section */
		EE80B52A2444537D00B2D45B /* Project object */ = {
			isa = PBXProject;
			attributes = {
				LastSwiftUpdateCheck = 1140;
				LastUpgradeCheck = 1140;
				ORGANIZATIONNAME = shuye;
				TargetAttributes = {
					EE80B5312444537D00B2D45B = {
						CreatedOnToolsVersion = 11.4;
					};
				};
			};
			buildConfigurationList = EE80B52D2444537D00B2D45B /* Build configuration list for PBXProject "Demo" */;
			compatibilityVersion = "Xcode 9.3";
			developmentRegion = en;
			hasScannedForEncodings = 0;
			knownRegions = (
				en,
				Base,
				ja,
				"zh-Hans",
			);
			mainGroup = EE80B5292444537D00B2D45B;
			productRefGroup = EE80B5332444537D00B2D45B /* Products */;
			projectDirPath = "";
			projectRoot = "";
			targets = (
				EE80B5312444537D00B2D45B /* Demo */,
			);
		};
/* End PBXProject section */

/* Begin PBXResourcesBuildPhase section */
		EE80B5302444537D00B2D45B /* Resources */ = {
			isa = PBXResourcesBuildPhase;
			buildActionMask = 2147483647;
			files = (
				EE80B5422444538400B2D45B /* LaunchScreen.storyboard in Resources */,
				EE80B54C244453C500B2D45B /* Localizable.strings in Resources */,
				EE80B53F2444538400B2D45B /* Assets.xcassets in Resources */,
				EE80B5532444545E00B2D45B /* Subscription.strings in Resources */,
				EE80B53D2444537D00B2D45B /* Main.storyboard in Resources */,
			);
			runOnlyForDeploymentPostprocessing = 0;
		};
/* End PBXResourcesBuildPhase section */

/* Begin PBXSourcesBuildPhase section */
		EE80B52E2444537D00B2D45B /* Sources */ = {
			isa = PBXSourcesBuildPhase;
			buildActionMask = 2147483647;
			files = (
				EE80B53A2444537D00B2D45B /* ViewController.swift in Sources */,
				EE80B5362444537D00B2D45B /* AppDelegate.swift in Sources */,
				EE80B5382444537D00B2D45B /* SceneDelegate.swift in Sources */,
			);
			runOnlyForDeploymentPostprocessing = 0;
		};
/* End PBXSourcesBuildPhase section */

/* Begin PBXVariantGroup section */
		EE80B53B2444537D00B2D45B /* Main.storyboard */ = {
			isa = PBXVariantGroup;
			children = (
				EE80B53C2444537D00B2D45B /* Base */,
			);
			name = Main.storyboard;
			sourceTree = "<group>";
		};
		EE80B5402444538400B2D45B /* LaunchScreen.storyboard */ = {
			isa = PBXVariantGroup;
			children = (
				EE80B5412444538400B2D45B /* Base */,
			);
			name = LaunchScreen.storyboard;
			sourceTree = "<group>";
		};
		EE80B54E244453C500B2D45B /* Localizable.strings */ = {
			isa = PBXVariantGroup;
			children = (
				EE80B54D244453C500B2D45B /* en */,
				EE80B54F244453D700B2D45B /* ja */,
				EE80B550244453E100B2D45B /* zh-Hans */,
			);
			name = Localizable.strings;
			sourceTree = "<group>";
		};
		EE80B5552444545E00B2D45B /* Subscription.strings */ = {
			isa = PBXVariantGroup;
			children = (
				EE80B5542444545E00B2D45B /* en */,
				EE80B5562444546500B2D45B /* zh-Hans */,
				EE80B5572444546900B2D45B /* ja */,
			);
			name = Subscription.strings;
			sourceTree = "<group>";
		};
/* End PBXVariantGroup section */

/* Begin XCBuildConfiguration section */
		EE80B5442444538400B2D45B /* Debug */ = {
			isa = XCBuildConfiguration;
			buildSettings = {
				ALWAYS_SEARCH_USER_PATHS = NO;
				CLANG_ANALYZER_LOCALIZABILITY_NONLOCALIZED = YES;
				CLANG_ANALYZER_NONNULL = YES;
				CLANG_ANALYZER_NUMBER_OBJECT_CONVERSION = YES_AGGRESSIVE;
				CLANG_CXX_LANGUAGE_STANDARD = "gnu++14";
				CLANG_CXX_LIBRARY = "libc++";
				CLANG_ENABLE_MODULES = YES;
				CLANG_ENABLE_OBJC_ARC = YES;
				CLANG_ENABLE_OBJC_WEAK = YES;
				CLANG_WARN_BLOCK_CAPTURE_AUTORELEASING = YES;
				CLANG_WARN_BOOL_CONVERSION = YES;
				CLANG_WARN_COMMA = YES;
				CLANG_WARN_CONSTANT_CONVERSION = YES;
				CLANG_WARN_DEPRECATED_OBJC_IMPLEMENTATIONS = YES;
				CLANG_WARN_DIRECT_OBJC_ISA_USAGE = YES_ERROR;
				CLANG_WARN_DOCUMENTATION_COMMENTS = YES;
				CLANG_WARN_EMPTY_BODY = YES;
				CLANG_WARN_ENUM_CONVERSION = YES;
				CLANG_WARN_INFINITE_RECURSION = YES;
				CLANG_WARN_INT_CONVERSION = YES;
				CLANG_WARN_NON_LITERAL_NULL_CONVERSION = YES;
				CLANG_WARN_OBJC_IMPLICIT_RETAIN_SELF = YES;
				CLANG_WARN_OBJC_LITERAL_CONVERSION = YES;
				CLANG_WARN_OBJC_ROOT_CLASS = YES_ERROR;
				CLANG_WARN_RANGE_LOOP_ANALYSIS = YES;
				CLANG_WARN_STRICT_PROTOTYPES = YES;
				CLANG_WARN_SUSPICIOUS_MOVE = YES;
				CLANG_WARN_UNGUARDED_AVAILABILITY = YES_AGGRESSIVE;
				CLANG_WARN_UNREACHABLE_CODE = YES;
				CLANG_WARN__DUPLICATE_METHOD_MATCH = YES;
				COPY_PHASE_STRIP = NO;
				DEBUG_INFORMATION_FORMAT = dwarf;
				ENABLE_STRICT_OBJC_MSGSEND = YES;
				ENABLE_TESTABILITY = YES;
				GCC_C_LANGUAGE_STANDARD = gnu11;
				GCC_DYNAMIC_NO_PIC = NO;
				GCC_NO_COMMON_BLOCKS = YES;
				GCC_OPTIMIZATION_LEVEL = 0;
				GCC_PREPROCESSOR_DEFINITIONS = (
					"DEBUG=1",
					"$(inherited)",
				);
				GCC_WARN_64_TO_32_BIT_CONVERSION = YES;
				GCC_WARN_ABOUT_RETURN_TYPE = YES_ERROR;
				GCC_WARN_UNDECLARED_SELECTOR = YES;
				GCC_WARN_UNINITIALIZED_AUTOS = YES_AGGRESSIVE;
				GCC_WARN_UNUSED_FUNCTION = YES;
				GCC_WARN_UNUSED_VARIABLE = YES;
				IPHONEOS_DEPLOYMENT_TARGET = 13.4;
				MTL_ENABLE_DEBUG_INFO = INCLUDE_SOURCE;
				MTL_FAST_MATH = YES;
				ONLY_ACTIVE_ARCH = YES;
				SDKROOT = iphoneos;
				SWIFT_ACTIVE_COMPILATION_CONDITIONS = DEBUG;
				SWIFT_OPTIMIZATION_LEVEL = "-Onone";
			};
			name = Debug;
		};
		EE80B5452444538400B2D45B /* Release */ = {
			isa = XCBuildConfiguration;
			buildSettings = {
				ALWAYS_SEARCH_USER_PATHS = NO;
				CLANG_ANALYZER_LOCALIZABILITY_NONLOCALIZED = YES;
				CLANG_ANALYZER_NONNULL = YES;
				CLANG_ANALYZER_NUMBER_OBJECT_CONVERSION = YES_AGGRESSIVE;
				CLANG_CXX_LANGUAGE_STANDARD = "gnu++14";
				CLANG_CXX_LIBRARY = "libc++";
				CLANG_ENABLE_MODULES = YES;
				CLANG_ENABLE_OBJC_ARC = YES;
				CLANG_ENABLE_OBJC_WEAK = YES;
				CLANG_WARN_BLOCK_CAPTURE_AUTORELEASING = YES;
				CLANG_WARN_BOOL_CONVERSION = YES;
				CLANG_WARN_COMMA = YES;
				CLANG_WARN_CONSTANT_CONVERSION = YES;
				CLANG_WARN_DEPRECATED_OBJC_IMPLEMENTATIONS = YES;
				CLANG_WARN_DIRECT_OBJC_ISA_USAGE = YES_ERROR;
				CLANG_WARN_DOCUMENTATION_COMMENTS = YES;
				CLANG_WARN_EMPTY_BODY = YES;
				CLANG_WARN_ENUM_CONVERSION = YES;
				CLANG_WARN_INFINITE_RECURSION = YES;
				CLANG_WARN_INT_CONVERSION = YES;
				CLANG_WARN_NON_LITERAL_NULL_CONVERSION = YES;
				CLANG_WARN_OBJC_IMPLICIT_RETAIN_SELF = YES;
				CLANG_WARN_OBJC_LITERAL_CONVERSION = YES;
				CLANG_WARN_OBJC_ROOT_CLASS = YES_ERROR;
				CLANG_WARN_RANGE_LOOP_ANALYSIS = YES;
				CLANG_WARN_STRICT_PROTOTYPES = YES;
				CLANG_WARN_SUSPICIOUS_MOVE = YES;
				CLANG_WARN_UNGUARDED_AVAILABILITY = YES_AGGRESSIVE;
				CLANG_WARN_UNREACHABLE_CODE = YES;
				CLANG_WARN__DUPLICATE_METHOD_MATCH = YES;
				COPY_PHASE_STRIP = NO;
				DEBUG_INFORMATION_FORMAT = "dwarf-with-dsym";
				ENABLE_NS_ASSERTIONS = NO;
				ENABLE_STRICT_OBJC_MSGSEND = YES;
				GCC_C_LANGUAGE_STANDARD = gnu11;
				GCC_NO_COMMON_BLOCKS = YES;
				GCC_WARN_64_TO_32_BIT_CONVERSION = YES;
				GCC_WARN_ABOUT_RETURN_TYPE = YES_ERROR;
				GCC_WARN_UNDECLARED_SELECTOR = YES;
				GCC_WARN_UNINITIALIZED_AUTOS = YES_AGGRESSIVE;
				GCC_WARN_UNUSED_FUNCTION = YES;
				GCC_WARN_UNUSED_VARIABLE = YES;
				IPHONEOS_DEPLOYMENT_TARGET = 13.4;
				MTL_ENABLE_DEBUG_INFO = NO;
				MTL_FAST_MATH = YES;
				SDKROOT = iphoneos;
				SWIFT_COMPILATION_MODE = wholemodule;
				SWIFT_OPTIMIZATION_LEVEL = "-O";
				VALIDATE_PRODUCT = YES;
			};
			name = Release;
		};
		EE80B5472444538400B2D45B /* Debug */ = {
			isa = XCBuildConfiguration;
			buildSettings = {
				ASSETCATALOG_COMPILER_APPICON_NAME = AppIcon;
				CODE_SIGN_STYLE = Automatic;
				DEVELOPMENT_TEAM = M5666WR653;
				INFOPLIST_FILE = Demo/Info.plist;
				LD_RUNPATH_SEARCH_PATHS = (
					"$(inherited)",
					"@executable_path/Frameworks",
				);
				PRODUCT_BUNDLE_IDENTIFIER = com.shuye.Demo;
				PRODUCT_NAME = "$(TARGET_NAME)";
				SWIFT_VERSION = 5.0;
				TARGETED_DEVICE_FAMILY = "1,2";
			};
			name = Debug;
		};
		EE80B5482444538400B2D45B /* Release */ = {
			isa = XCBuildConfiguration;
			buildSettings = {
				ASSETCATALOG_COMPILER_APPICON_NAME = AppIcon;
				CODE_SIGN_STYLE = Automatic;
				DEVELOPMENT_TEAM = M5666WR653;
				INFOPLIST_FILE = Demo/Info.plist;
				LD_RUNPATH_SEARCH_PATHS = (
					"$(inherited)",
					"@executable_path/Frameworks",
				);
				PRODUCT_BUNDLE_IDENTIFIER = com.shuye.Demo;
				PRODUCT_NAME = "$(TARGET_NAME)";
				SWIFT_VERSION = 5.0;
				TARGETED_DEVICE_FAMILY = "1,2";
			};
			name = Release;
		};
/* End XCBuildConfiguration section */

/* Begin XCConfigurationList section */
		EE80B52D2444537D00B2D45B /* Build configuration list for PBXProject "Demo" */ = {
			isa = XCConfigurationList;
			buildConfigurations = (
				EE80B5442444538400B2D45B /* Debug */,
				EE80B5452444538400B2D45B /* Release */,
			);
			defaultConfigurationIsVisible = 0;
			defaultConfigurationName = Release;
		};
		EE80B5462444538400B2D45B /* Build configuration list for PBXNativeTarget "Demo" */ = {
			isa = XCConfigurationList;
			buildConfigurations = (
				EE80B5472444538400B2D45B /* Debug */,
				EE80B5482444538400B2D45B /* Release */,
			);
			defaultConfigurationIsVisible = 0;
			defaultConfigurationName = Release;
		};
/* End XCConfigurationList section */
	};
	rootObject = EE80B52A2444537D00B2D45B /* Project object */;
}
